# THIS IS AN AUTOGENERATED FILE. DO NOT EDIT THIS FILE DIRECTLY.
# yarn lockfile v1


tailwindcss@^4.0.5:
  version "4.0.5"
  resolved "https://registry.yarnpkg.com/tailwindcss/-/tailwindcss-4.0.5.tgz#725c1b8589707e6d079b9940978d761be4a99b6b"
  integrity sha512-DZZIKX3tA23LGTjHdnwlJOTxfICD1cPeykLLsYF1RQBI9QsCR3i0szohJfJDVjr6aNRAIio5WVO7FGB77fRHwg==
