# THIS IS AN AUTOGENERATED FILE. DO NOT EDIT THIS FILE DIRECTLY.
# yarn lockfile v1


tailwindcss@^4.0.6:
  version "4.0.6"
  resolved "https://registry.yarnpkg.com/tailwindcss/-/tailwindcss-4.0.6.tgz#c033bfba94d6e3bf70650a2f9fe949f39d3bb191"
  integrity sha512-mysewHYJKaXgNOW6pp5xon/emCsfAMnO8WMaGKZZ35fomnR/T5gYnRg2/yRTTrtXiEl1tiVkeRt0eMO6HxEZqw==
