# THIS IS AN AUTOGENERATED FILE. DO NOT EDIT THIS FILE DIRECTLY.
# yarn lockfile v1


tailwindcss@^4.0.3:
  version "4.0.3"
  resolved "https://registry.yarnpkg.com/tailwindcss/-/tailwindcss-4.0.3.tgz#8f34c24cd23e021662113bd4e13df1e700cb52f8"
  integrity sha512-ImmZF0Lon5RrQpsEAKGxRvHwCvMgSC4XVlFRqmbzTEDb/3wvin9zfEZrMwgsa3yqBbPqahYcVI6lulM2S7IZAA==
